
Microsoft Visual Studio Solution File, Format Version 12.00
# Visual Studio 15
VisualStudioVersion = 15.0.28307.329
MinimumVisualStudioVersion = 10.0.40219.1
Project("{FAE04EC0-301F-11D3-BF4B-00C04F79EFBC}") = "LinqQueries", "LinqQueries\LinqQueries.csproj", "{BD72F8EF-AF0A-4E7F-B3E9-190D8C91AF41}"
EndProject
Project("{FAE04EC0-301F-11D3-BF4B-00C04F79EFBC}") = "MockData", "MockData\MockData.csproj", "{3E420CD4-0AB8-41A0-9ABC-86012FC193EF}"
EndProject
Global
	GlobalSection(SolutionConfigurationPlatforms) = preSolution
		Debug|Any CPU = Debug|Any CPU
		Release|Any CPU = Release|Any CPU
	EndGlobalSection
	GlobalSection(ProjectConfigurationPlatforms) = postSolution
		{BD72F8EF-AF0A-4E7F-B3E9-190D8C91AF41}.Debug|Any CPU.ActiveCfg = Debug|Any CPU
		{BD72F8EF-AF0A-4E7F-B3E9-190D8C91AF41}.Debug|Any CPU.Build.0 = Debug|Any CPU
		{BD72F8EF-AF0A-4E7F-B3E9-190D8C91AF41}.Release|Any CPU.ActiveCfg = Release|Any CPU
		{BD72F8EF-AF0A-4E7F-B3E9-190D8C91AF41}.Release|Any CPU.Build.0 = Release|Any CPU
		{3E420CD4-0AB8-41A0-9ABC-86012FC193EF}.Debug|Any CPU.ActiveCfg = Debug|Any CPU
		{3E420CD4-0AB8-41A0-9ABC-86012FC193EF}.Debug|Any CPU.Build.0 = Debug|Any CPU
		{3E420CD4-0AB8-41A0-9ABC-86012FC193EF}.Release|Any CPU.ActiveCfg = Release|Any CPU
		{3E420CD4-0AB8-41A0-9ABC-86012FC193EF}.Release|Any CPU.Build.0 = Release|Any CPU
	EndGlobalSection
	GlobalSection(SolutionProperties) = preSolution
		HideSolutionNode = FALSE
	EndGlobalSection
	GlobalSection(ExtensibilityGlobals) = postSolution
		SolutionGuid = {A4D71405-F1EE-4E6E-B805-1A6C1F912796}
	EndGlobalSection
EndGlobal
